
Microsoft Visual Studio Solution File, Format Version 10.00
# Visual C# Express 2008
Project("{FAE04EC0-301F-11D3-BF4B-00C04F79EFBC}") = "Shorewood360", "Shorewood360\Shorewood360.csproj", "{0D24DC4F-651A-4B65-9506-B4C16D2ED91A}"
EndProject
Project("{FAE04EC0-301F-11D3-BF4B-00C04F79EFBC}") = "SuffixTree", "Common Tools\suffixtree\SuffixTree.csproj", "{6557A3D7-8D7E-4978-A81B-FED58FB0CED2}"
EndProject
Project("{FAE04EC0-301F-11D3-BF4B-00C04F79EFBC}") = "WordDatabase.Content", "Common Tools\WordDatabase.Content\WordDatabase.Content.csproj", "{5997A4D8-39E3-486D-9618-83928974E7E6}"
EndProject
Project("{FAE04EC0-301F-11D3-BF4B-00C04F79EFBC}") = "ShorewoodWindows", "ShorewoodWindows\ShorewoodWindows.csproj", "{12C441C8-E3AD-4206-9EE2-6A5956F647C6}"
EndProject
Project("{FAE04EC0-301F-11D3-BF4B-00C04F79EFBC}") = "DebugConsoleWindows", "DebugConsoleWindows\DebugConsoleWindows.csproj", "{F0157B4E-0D38-402F-8B5B-8CB546B64F73}"
EndProject
Project("{FAE04EC0-301F-11D3-BF4B-00C04F79EFBC}") = "DebugConsole360", "DebugConsole360\DebugConsole360.csproj", "{ED0D46AC-66ED-4E0F-8943-BD38647DB58A}"
EndProject
Project("{FAE04EC0-301F-11D3-BF4B-00C04F79EFBC}") = "ListPoolWindows", "ListPool\ListPoolWindows.csproj", "{8302A368-4D93-45B3-A345-6D54B0632DF0}"
EndProject
Project("{FAE04EC0-301F-11D3-BF4B-00C04F79EFBC}") = "ListPool360", "ListPool360\ListPool360.csproj", "{EBFD0F12-0F0B-477F-B08B-26D7CA1C3C9B}"
EndProject
Project("{FAE04EC0-301F-11D3-BF4B-00C04F79EFBC}") = "EasyStorage [Xbox]", "EasyStorage\EasyStorage [Xbox].csproj", "{8D4905F7-4D15-4BD3-963D-D03DA376F699}"
EndProject
Project("{FAE04EC0-301F-11D3-BF4B-00C04F79EFBC}") = "EasyStorage [Windows]", "EasyStorage\EasyStorage [Windows].csproj", "{EE24B537-62BE-4491-BE92-4E08E6F495C4}"
EndProject
Project("{FAE04EC0-301F-11D3-BF4B-00C04F79EFBC}") = "CustomAvatarAnimationWindows", "CustomAvatarAnimation\CustomAvatarAnimationWindows.csproj", "{EF8868F4-AEF3-47AD-84AA-8C69D47EEF3C}"
EndProject
Project("{FAE04EC0-301F-11D3-BF4B-00C04F79EFBC}") = "CustomAvatarAnimationXbox", "CustomAvatarAnimation\CustomAvatarAnimationXbox.csproj", "{B0C6D416-83AC-4F2F-92A6-D73342D699C1}"
EndProject
Project("{FAE04EC0-301F-11D3-BF4B-00C04F79EFBC}") = "CustomAvatarAnimationPipeline", "CustomAvatarAnimationPipeline\CustomAvatarAnimationPipeline.csproj", "{A6D980EB-170D-4302-97C2-19693FC7B63A}"
EndProject
Global
	GlobalSection(SolutionConfigurationPlatforms) = preSolution
		Debug|Any CPU = Debug|Any CPU
		Debug|Mixed Platforms = Debug|Mixed Platforms
		Debug|x86 = Debug|x86
		Debug|Xbox 360 = Debug|Xbox 360
		Debug|Zune = Debug|Zune
		Release|Any CPU = Release|Any CPU
		Release|Mixed Platforms = Release|Mixed Platforms
		Release|x86 = Release|x86
		Release|Xbox 360 = Release|Xbox 360
		Release|Zune = Release|Zune
	EndGlobalSection
	GlobalSection(ProjectConfigurationPlatforms) = postSolution
		{0D24DC4F-651A-4B65-9506-B4C16D2ED91A}.Debug|Any CPU.ActiveCfg = Debug|Xbox 360
		{0D24DC4F-651A-4B65-9506-B4C16D2ED91A}.Debug|Mixed Platforms.ActiveCfg = Debug|Xbox 360
		{0D24DC4F-651A-4B65-9506-B4C16D2ED91A}.Debug|Mixed Platforms.Build.0 = Debug|Xbox 360
		{0D24DC4F-651A-4B65-9506-B4C16D2ED91A}.Debug|Mixed Platforms.Deploy.0 = Debug|Xbox 360
		{0D24DC4F-651A-4B65-9506-B4C16D2ED91A}.Debug|x86.ActiveCfg = Debug|Xbox 360
		{0D24DC4F-651A-4B65-9506-B4C16D2ED91A}.Debug|Xbox 360.ActiveCfg = Debug|Xbox 360
		{0D24DC4F-651A-4B65-9506-B4C16D2ED91A}.Debug|Xbox 360.Build.0 = Debug|Xbox 360
		{0D24DC4F-651A-4B65-9506-B4C16D2ED91A}.Debug|Xbox 360.Deploy.0 = Debug|Xbox 360
		{0D24DC4F-651A-4B65-9506-B4C16D2ED91A}.Debug|Zune.ActiveCfg = Debug|Xbox 360
		{0D24DC4F-651A-4B65-9506-B4C16D2ED91A}.Release|Any CPU.ActiveCfg = Release|Xbox 360
		{0D24DC4F-651A-4B65-9506-B4C16D2ED91A}.Release|Mixed Platforms.ActiveCfg = Release|Xbox 360
		{0D24DC4F-651A-4B65-9506-B4C16D2ED91A}.Release|Mixed Platforms.Build.0 = Release|Xbox 360
		{0D24DC4F-651A-4B65-9506-B4C16D2ED91A}.Release|Mixed Platforms.Deploy.0 = Release|Xbox 360
		{0D24DC4F-651A-4B65-9506-B4C16D2ED91A}.Release|x86.ActiveCfg = Release|Xbox 360
		{0D24DC4F-651A-4B65-9506-B4C16D2ED91A}.Release|Xbox 360.ActiveCfg = Release|Xbox 360
		{0D24DC4F-651A-4B65-9506-B4C16D2ED91A}.Release|Xbox 360.Build.0 = Release|Xbox 360
		{0D24DC4F-651A-4B65-9506-B4C16D2ED91A}.Release|Xbox 360.Deploy.0 = Release|Xbox 360
		{0D24DC4F-651A-4B65-9506-B4C16D2ED91A}.Release|Zune.ActiveCfg = Release|Xbox 360
		{6557A3D7-8D7E-4978-A81B-FED58FB0CED2}.Debug|Any CPU.ActiveCfg = Debug|Any CPU
		{6557A3D7-8D7E-4978-A81B-FED58FB0CED2}.Debug|Any CPU.Build.0 = Debug|Any CPU
		{6557A3D7-8D7E-4978-A81B-FED58FB0CED2}.Debug|Mixed Platforms.ActiveCfg = Debug|Any CPU
		{6557A3D7-8D7E-4978-A81B-FED58FB0CED2}.Debug|Mixed Platforms.Build.0 = Debug|Any CPU
		{6557A3D7-8D7E-4978-A81B-FED58FB0CED2}.Debug|x86.ActiveCfg = Debug|Any CPU
		{6557A3D7-8D7E-4978-A81B-FED58FB0CED2}.Debug|Xbox 360.ActiveCfg = Debug|Any CPU
		{6557A3D7-8D7E-4978-A81B-FED58FB0CED2}.Debug|Zune.ActiveCfg = Debug|Any CPU
		{6557A3D7-8D7E-4978-A81B-FED58FB0CED2}.Release|Any CPU.ActiveCfg = Release|Any CPU
		{6557A3D7-8D7E-4978-A81B-FED58FB0CED2}.Release|Any CPU.Build.0 = Release|Any CPU
		{6557A3D7-8D7E-4978-A81B-FED58FB0CED2}.Release|Mixed Platforms.ActiveCfg = Release|Any CPU
		{6557A3D7-8D7E-4978-A81B-FED58FB0CED2}.Release|Mixed Platforms.Build.0 = Release|Any CPU
		{6557A3D7-8D7E-4978-A81B-FED58FB0CED2}.Release|x86.ActiveCfg = Release|Any CPU
		{6557A3D7-8D7E-4978-A81B-FED58FB0CED2}.Release|Xbox 360.ActiveCfg = Release|Any CPU
		{6557A3D7-8D7E-4978-A81B-FED58FB0CED2}.Release|Zune.ActiveCfg = Release|Any CPU
		{5997A4D8-39E3-486D-9618-83928974E7E6}.Debug|Any CPU.ActiveCfg = Debug|Any CPU
		{5997A4D8-39E3-486D-9618-83928974E7E6}.Debug|Any CPU.Build.0 = Debug|Any CPU
		{5997A4D8-39E3-486D-9618-83928974E7E6}.Debug|Mixed Platforms.ActiveCfg = Debug|Any CPU
		{5997A4D8-39E3-486D-9618-83928974E7E6}.Debug|Mixed Platforms.Build.0 = Debug|Any CPU
		{5997A4D8-39E3-486D-9618-83928974E7E6}.Debug|x86.ActiveCfg = Debug|Any CPU
		{5997A4D8-39E3-486D-9618-83928974E7E6}.Debug|Xbox 360.ActiveCfg = Debug|Any CPU
		{5997A4D8-39E3-486D-9618-83928974E7E6}.Debug|Zune.ActiveCfg = Debug|Any CPU
		{5997A4D8-39E3-486D-9618-83928974E7E6}.Release|Any CPU.ActiveCfg = Release|Any CPU
		{5997A4D8-39E3-486D-9618-83928974E7E6}.Release|Any CPU.Build.0 = Release|Any CPU
		{5997A4D8-39E3-486D-9618-83928974E7E6}.Release|Mixed Platforms.ActiveCfg = Release|Any CPU
		{5997A4D8-39E3-486D-9618-83928974E7E6}.Release|Mixed Platforms.Build.0 = Release|Any CPU
		{5997A4D8-39E3-486D-9618-83928974E7E6}.Release|x86.ActiveCfg = Release|Any CPU
		{5997A4D8-39E3-486D-9618-83928974E7E6}.Release|Xbox 360.ActiveCfg = Release|Any CPU
		{5997A4D8-39E3-486D-9618-83928974E7E6}.Release|Zune.ActiveCfg = Release|Any CPU
		{12C441C8-E3AD-4206-9EE2-6A5956F647C6}.Debug|Any CPU.ActiveCfg = Debug|x86
		{12C441C8-E3AD-4206-9EE2-6A5956F647C6}.Debug|Mixed Platforms.ActiveCfg = Debug|x86
		{12C441C8-E3AD-4206-9EE2-6A5956F647C6}.Debug|Mixed Platforms.Build.0 = Debug|x86
		{12C441C8-E3AD-4206-9EE2-6A5956F647C6}.Debug|x86.ActiveCfg = Debug|x86
		{12C441C8-E3AD-4206-9EE2-6A5956F647C6}.Debug|x86.Build.0 = Debug|x86
		{12C441C8-E3AD-4206-9EE2-6A5956F647C6}.Debug|Xbox 360.ActiveCfg = Debug|x86
		{12C441C8-E3AD-4206-9EE2-6A5956F647C6}.Debug|Zune.ActiveCfg = Debug|x86
		{12C441C8-E3AD-4206-9EE2-6A5956F647C6}.Release|Any CPU.ActiveCfg = Release|x86
		{12C441C8-E3AD-4206-9EE2-6A5956F647C6}.Release|Mixed Platforms.ActiveCfg = Release|x86
		{12C441C8-E3AD-4206-9EE2-6A5956F647C6}.Release|Mixed Platforms.Build.0 = Release|x86
		{12C441C8-E3AD-4206-9EE2-6A5956F647C6}.Release|x86.ActiveCfg = Release|x86
		{12C441C8-E3AD-4206-9EE2-6A5956F647C6}.Release|x86.Build.0 = Release|x86
		{12C441C8-E3AD-4206-9EE2-6A5956F647C6}.Release|Xbox 360.ActiveCfg = Release|x86
		{12C441C8-E3AD-4206-9EE2-6A5956F647C6}.Release|Zune.ActiveCfg = Release|x86
		{F0157B4E-0D38-402F-8B5B-8CB546B64F73}.Debug|Any CPU.ActiveCfg = Debug|Any CPU
		{F0157B4E-0D38-402F-8B5B-8CB546B64F73}.Debug|Any CPU.Build.0 = Debug|Any CPU
		{F0157B4E-0D38-402F-8B5B-8CB546B64F73}.Debug|Mixed Platforms.ActiveCfg = Debug|Any CPU
		{F0157B4E-0D38-402F-8B5B-8CB546B64F73}.Debug|Mixed Platforms.Build.0 = Debug|Any CPU
		{F0157B4E-0D38-402F-8B5B-8CB546B64F73}.Debug|x86.ActiveCfg = Debug|Any CPU
		{F0157B4E-0D38-402F-8B5B-8CB546B64F73}.Debug|Xbox 360.ActiveCfg = Debug|Any CPU
		{F0157B4E-0D38-402F-8B5B-8CB546B64F73}.Debug|Zune.ActiveCfg = Debug|Any CPU
		{F0157B4E-0D38-402F-8B5B-8CB546B64F73}.Release|Any CPU.ActiveCfg = Release|Any CPU
		{F0157B4E-0D38-402F-8B5B-8CB546B64F73}.Release|Any CPU.Build.0 = Release|Any CPU
		{F0157B4E-0D38-402F-8B5B-8CB546B64F73}.Release|Mixed Platforms.ActiveCfg = Release|Any CPU
		{F0157B4E-0D38-402F-8B5B-8CB546B64F73}.Release|Mixed Platforms.Build.0 = Release|Any CPU
		{F0157B4E-0D38-402F-8B5B-8CB546B64F73}.Release|x86.ActiveCfg = Release|Any CPU
		{F0157B4E-0D38-402F-8B5B-8CB546B64F73}.Release|Xbox 360.ActiveCfg = Release|Any CPU
		{F0157B4E-0D38-402F-8B5B-8CB546B64F73}.Release|Zune.ActiveCfg = Release|Any CPU
		{ED0D46AC-66ED-4E0F-8943-BD38647DB58A}.Debug|Any CPU.ActiveCfg = Debug|Xbox 360
		{ED0D46AC-66ED-4E0F-8943-BD38647DB58A}.Debug|Mixed Platforms.ActiveCfg = Debug|Xbox 360
		{ED0D46AC-66ED-4E0F-8943-BD38647DB58A}.Debug|Mixed Platforms.Build.0 = Debug|Xbox 360
		{ED0D46AC-66ED-4E0F-8943-BD38647DB58A}.Debug|x86.ActiveCfg = Debug|Xbox 360
		{ED0D46AC-66ED-4E0F-8943-BD38647DB58A}.Debug|Xbox 360.ActiveCfg = Debug|Xbox 360
		{ED0D46AC-66ED-4E0F-8943-BD38647DB58A}.Debug|Xbox 360.Build.0 = Debug|Xbox 360
		{ED0D46AC-66ED-4E0F-8943-BD38647DB58A}.Debug|Zune.ActiveCfg = Debug|Xbox 360
		{ED0D46AC-66ED-4E0F-8943-BD38647DB58A}.Release|Any CPU.ActiveCfg = Release|Xbox 360
		{ED0D46AC-66ED-4E0F-8943-BD38647DB58A}.Release|Mixed Platforms.ActiveCfg = Release|Xbox 360
		{ED0D46AC-66ED-4E0F-8943-BD38647DB58A}.Release|Mixed Platforms.Build.0 = Release|Xbox 360
		{ED0D46AC-66ED-4E0F-8943-BD38647DB58A}.Release|x86.ActiveCfg = Release|Xbox 360
		{ED0D46AC-66ED-4E0F-8943-BD38647DB58A}.Release|Xbox 360.ActiveCfg = Release|Xbox 360
		{ED0D46AC-66ED-4E0F-8943-BD38647DB58A}.Release|Xbox 360.Build.0 = Release|Xbox 360
		{ED0D46AC-66ED-4E0F-8943-BD38647DB58A}.Release|Zune.ActiveCfg = Release|Xbox 360
		{8302A368-4D93-45B3-A345-6D54B0632DF0}.Debug|Any CPU.ActiveCfg = Debug|Any CPU
		{8302A368-4D93-45B3-A345-6D54B0632DF0}.Debug|Any CPU.Build.0 = Debug|Any CPU
		{8302A368-4D93-45B3-A345-6D54B0632DF0}.Debug|Mixed Platforms.ActiveCfg = Debug|Any CPU
		{8302A368-4D93-45B3-A345-6D54B0632DF0}.Debug|Mixed Platforms.Build.0 = Debug|Any CPU
		{8302A368-4D93-45B3-A345-6D54B0632DF0}.Debug|x86.ActiveCfg = Debug|Any CPU
		{8302A368-4D93-45B3-A345-6D54B0632DF0}.Debug|Xbox 360.ActiveCfg = Debug|Any CPU
		{8302A368-4D93-45B3-A345-6D54B0632DF0}.Debug|Zune.ActiveCfg = Debug|Any CPU
		{8302A368-4D93-45B3-A345-6D54B0632DF0}.Release|Any CPU.ActiveCfg = Release|Any CPU
		{8302A368-4D93-45B3-A345-6D54B0632DF0}.Release|Any CPU.Build.0 = Release|Any CPU
		{8302A368-4D93-45B3-A345-6D54B0632DF0}.Release|Mixed Platforms.ActiveCfg = Release|Any CPU
		{8302A368-4D93-45B3-A345-6D54B0632DF0}.Release|Mixed Platforms.Build.0 = Release|Any CPU
		{8302A368-4D93-45B3-A345-6D54B0632DF0}.Release|x86.ActiveCfg = Release|Any CPU
		{8302A368-4D93-45B3-A345-6D54B0632DF0}.Release|Xbox 360.ActiveCfg = Release|Any CPU
		{8302A368-4D93-45B3-A345-6D54B0632DF0}.Release|Zune.ActiveCfg = Release|Any CPU
		{EBFD0F12-0F0B-477F-B08B-26D7CA1C3C9B}.Debug|Any CPU.ActiveCfg = Debug|Xbox 360
		{EBFD0F12-0F0B-477F-B08B-26D7CA1C3C9B}.Debug|Mixed Platforms.ActiveCfg = Debug|Xbox 360
		{EBFD0F12-0F0B-477F-B08B-26D7CA1C3C9B}.Debug|Mixed Platforms.Build.0 = Debug|Xbox 360
		{EBFD0F12-0F0B-477F-B08B-26D7CA1C3C9B}.Debug|x86.ActiveCfg = Debug|Xbox 360
		{EBFD0F12-0F0B-477F-B08B-26D7CA1C3C9B}.Debug|Xbox 360.ActiveCfg = Debug|Xbox 360
		{EBFD0F12-0F0B-477F-B08B-26D7CA1C3C9B}.Debug|Xbox 360.Build.0 = Debug|Xbox 360
		{EBFD0F12-0F0B-477F-B08B-26D7CA1C3C9B}.Debug|Zune.ActiveCfg = Debug|Xbox 360
		{EBFD0F12-0F0B-477F-B08B-26D7CA1C3C9B}.Release|Any CPU.ActiveCfg = Release|Xbox 360
		{EBFD0F12-0F0B-477F-B08B-26D7CA1C3C9B}.Release|Mixed Platforms.ActiveCfg = Release|Xbox 360
		{EBFD0F12-0F0B-477F-B08B-26D7CA1C3C9B}.Release|Mixed Platforms.Build.0 = Release|Xbox 360
		{EBFD0F12-0F0B-477F-B08B-26D7CA1C3C9B}.Release|x86.ActiveCfg = Release|Xbox 360
		{EBFD0F12-0F0B-477F-B08B-26D7CA1C3C9B}.Release|Xbox 360.ActiveCfg = Release|Xbox 360
		{EBFD0F12-0F0B-477F-B08B-26D7CA1C3C9B}.Release|Xbox 360.Build.0 = Release|Xbox 360
		{EBFD0F12-0F0B-477F-B08B-26D7CA1C3C9B}.Release|Zune.ActiveCfg = Release|Xbox 360
		{8D4905F7-4D15-4BD3-963D-D03DA376F699}.Debug|Any CPU.ActiveCfg = Debug|Xbox 360
		{8D4905F7-4D15-4BD3-963D-D03DA376F699}.Debug|Mixed Platforms.ActiveCfg = Debug|Xbox 360
		{8D4905F7-4D15-4BD3-963D-D03DA376F699}.Debug|Mixed Platforms.Build.0 = Debug|Xbox 360
		{8D4905F7-4D15-4BD3-963D-D03DA376F699}.Debug|x86.ActiveCfg = Debug|Xbox 360
		{8D4905F7-4D15-4BD3-963D-D03DA376F699}.Debug|Xbox 360.ActiveCfg = Debug|Xbox 360
		{8D4905F7-4D15-4BD3-963D-D03DA376F699}.Debug|Xbox 360.Build.0 = Debug|Xbox 360
		{8D4905F7-4D15-4BD3-963D-D03DA376F699}.Debug|Zune.ActiveCfg = Debug|Xbox 360
		{8D4905F7-4D15-4BD3-963D-D03DA376F699}.Release|Any CPU.ActiveCfg = Release|Xbox 360
		{8D4905F7-4D15-4BD3-963D-D03DA376F699}.Release|Mixed Platforms.ActiveCfg = Release|Xbox 360
		{8D4905F7-4D15-4BD3-963D-D03DA376F699}.Release|Mixed Platforms.Build.0 = Release|Xbox 360
		{8D4905F7-4D15-4BD3-963D-D03DA376F699}.Release|x86.ActiveCfg = Release|Xbox 360
		{8D4905F7-4D15-4BD3-963D-D03DA376F699}.Release|Xbox 360.ActiveCfg = Release|Xbox 360
		{8D4905F7-4D15-4BD3-963D-D03DA376F699}.Release|Xbox 360.Build.0 = Release|Xbox 360
		{8D4905F7-4D15-4BD3-963D-D03DA376F699}.Release|Zune.ActiveCfg = Release|Xbox 360
		{EE24B537-62BE-4491-BE92-4E08E6F495C4}.Debug|Any CPU.ActiveCfg = Debug|x86
		{EE24B537-62BE-4491-BE92-4E08E6F495C4}.Debug|Mixed Platforms.ActiveCfg = Debug|x86
		{EE24B537-62BE-4491-BE92-4E08E6F495C4}.Debug|Mixed Platforms.Build.0 = Debug|x86
		{EE24B537-62BE-4491-BE92-4E08E6F495C4}.Debug|x86.ActiveCfg = Debug|x86
		{EE24B537-62BE-4491-BE92-4E08E6F495C4}.Debug|x86.Build.0 = Debug|x86
		{EE24B537-62BE-4491-BE92-4E08E6F495C4}.Debug|Xbox 360.ActiveCfg = Debug|x86
		{EE24B537-62BE-4491-BE92-4E08E6F495C4}.Debug|Zune.ActiveCfg = Debug|x86
		{EE24B537-62BE-4491-BE92-4E08E6F495C4}.Release|Any CPU.ActiveCfg = Release|x86
		{EE24B537-62BE-4491-BE92-4E08E6F495C4}.Release|Mixed Platforms.ActiveCfg = Release|x86
		{EE24B537-62BE-4491-BE92-4E08E6F495C4}.Release|Mixed Platforms.Build.0 = Release|x86
		{EE24B537-62BE-4491-BE92-4E08E6F495C4}.Release|x86.ActiveCfg = Release|x86
		{EE24B537-62BE-4491-BE92-4E08E6F495C4}.Release|x86.Build.0 = Release|x86
		{EE24B537-62BE-4491-BE92-4E08E6F495C4}.Release|Xbox 360.ActiveCfg = Release|x86
		{EE24B537-62BE-4491-BE92-4E08E6F495C4}.Release|Zune.ActiveCfg = Release|x86
		{C9C7008C-FDE2-4DAD-83D4-8006C2E95F99}.Debug|Any CPU.ActiveCfg = Debug|Xbox 360
		{C9C7008C-FDE2-4DAD-83D4-8006C2E95F99}.Debug|Mixed Platforms.ActiveCfg = Debug|Xbox 360
		{C9C7008C-FDE2-4DAD-83D4-8006C2E95F99}.Debug|x86.ActiveCfg = Debug|Xbox 360
		{C9C7008C-FDE2-4DAD-83D4-8006C2E95F99}.Debug|Xbox 360.ActiveCfg = Debug|Xbox 360
		{C9C7008C-FDE2-4DAD-83D4-8006C2E95F99}.Debug|Zune.ActiveCfg = Debug|Xbox 360
		{C9C7008C-FDE2-4DAD-83D4-8006C2E95F99}.Release|Any CPU.ActiveCfg = Release|Xbox 360
		{C9C7008C-FDE2-4DAD-83D4-8006C2E95F99}.Release|Mixed Platforms.ActiveCfg = Release|Xbox 360
		{C9C7008C-FDE2-4DAD-83D4-8006C2E95F99}.Release|x86.ActiveCfg = Release|Xbox 360
		{C9C7008C-FDE2-4DAD-83D4-8006C2E95F99}.Release|Xbox 360.ActiveCfg = Release|Xbox 360
		{C9C7008C-FDE2-4DAD-83D4-8006C2E95F99}.Release|Zune.ActiveCfg = Release|Xbox 360
		{95BFCBFB-28A1-41D3-9A5F-BA2E22146602}.Debug|Any CPU.ActiveCfg = Debug|x86
		{95BFCBFB-28A1-41D3-9A5F-BA2E22146602}.Debug|Mixed Platforms.ActiveCfg = Debug|x86
		{95BFCBFB-28A1-41D3-9A5F-BA2E22146602}.Debug|x86.ActiveCfg = Debug|x86
		{95BFCBFB-28A1-41D3-9A5F-BA2E22146602}.Debug|Xbox 360.ActiveCfg = Debug|x86
		{95BFCBFB-28A1-41D3-9A5F-BA2E22146602}.Debug|Zune.ActiveCfg = Debug|x86
		{95BFCBFB-28A1-41D3-9A5F-BA2E22146602}.Release|Any CPU.ActiveCfg = Release|x86
		{95BFCBFB-28A1-41D3-9A5F-BA2E22146602}.Release|Mixed Platforms.ActiveCfg = Release|x86
		{95BFCBFB-28A1-41D3-9A5F-BA2E22146602}.Release|x86.ActiveCfg = Release|x86
		{95BFCBFB-28A1-41D3-9A5F-BA2E22146602}.Release|Xbox 360.ActiveCfg = Release|x86
		{95BFCBFB-28A1-41D3-9A5F-BA2E22146602}.Release|Zune.ActiveCfg = Release|x86
		{498CC47E-BE15-4093-8D8F-E0BFAAEE7FD3}.Debug|Any CPU.ActiveCfg = Debug|Xbox 360
		{498CC47E-BE15-4093-8D8F-E0BFAAEE7FD3}.Debug|Mixed Platforms.ActiveCfg = Debug|Xbox 360
		{498CC47E-BE15-4093-8D8F-E0BFAAEE7FD3}.Debug|x86.ActiveCfg = Debug|Xbox 360
		{498CC47E-BE15-4093-8D8F-E0BFAAEE7FD3}.Debug|Xbox 360.ActiveCfg = Debug|Xbox 360
		{498CC47E-BE15-4093-8D8F-E0BFAAEE7FD3}.Debug|Zune.ActiveCfg = Debug|Xbox 360
		{498CC47E-BE15-4093-8D8F-E0BFAAEE7FD3}.Release|Any CPU.ActiveCfg = Release|Xbox 360
		{498CC47E-BE15-4093-8D8F-E0BFAAEE7FD3}.Release|Mixed Platforms.ActiveCfg = Release|Xbox 360
		{498CC47E-BE15-4093-8D8F-E0BFAAEE7FD3}.Release|x86.ActiveCfg = Release|Xbox 360
		{498CC47E-BE15-4093-8D8F-E0BFAAEE7FD3}.Release|Xbox 360.ActiveCfg = Release|Xbox 360
		{498CC47E-BE15-4093-8D8F-E0BFAAEE7FD3}.Release|Zune.ActiveCfg = Release|Xbox 360
		{AFEA6121-FE77-4AA7-B8F0-A834861F7FDC}.Debug|Any CPU.ActiveCfg = Debug|Xbox 360
		{AFEA6121-FE77-4AA7-B8F0-A834861F7FDC}.Debug|Mixed Platforms.ActiveCfg = Debug|Xbox 360
		{AFEA6121-FE77-4AA7-B8F0-A834861F7FDC}.Debug|x86.ActiveCfg = Debug|Xbox 360
		{AFEA6121-FE77-4AA7-B8F0-A834861F7FDC}.Debug|Xbox 360.ActiveCfg = Debug|Xbox 360
		{AFEA6121-FE77-4AA7-B8F0-A834861F7FDC}.Debug|Zune.ActiveCfg = Debug|Xbox 360
		{AFEA6121-FE77-4AA7-B8F0-A834861F7FDC}.Release|Any CPU.ActiveCfg = Release|Xbox 360
		{AFEA6121-FE77-4AA7-B8F0-A834861F7FDC}.Release|Mixed Platforms.ActiveCfg = Release|Xbox 360
		{AFEA6121-FE77-4AA7-B8F0-A834861F7FDC}.Release|x86.ActiveCfg = Release|Xbox 360
		{AFEA6121-FE77-4AA7-B8F0-A834861F7FDC}.Release|Xbox 360.ActiveCfg = Release|Xbox 360
		{AFEA6121-FE77-4AA7-B8F0-A834861F7FDC}.Release|Zune.ActiveCfg = Release|Xbox 360
		{EF8868F4-AEF3-47AD-84AA-8C69D47EEF3C}.Debug|Any CPU.ActiveCfg = Debug|x86
		{EF8868F4-AEF3-47AD-84AA-8C69D47EEF3C}.Debug|Mixed Platforms.ActiveCfg = Debug|x86
		{EF8868F4-AEF3-47AD-84AA-8C69D47EEF3C}.Debug|Mixed Platforms.Build.0 = Debug|x86
		{EF8868F4-AEF3-47AD-84AA-8C69D47EEF3C}.Debug|x86.ActiveCfg = Debug|x86
		{EF8868F4-AEF3-47AD-84AA-8C69D47EEF3C}.Debug|x86.Build.0 = Debug|x86
		{EF8868F4-AEF3-47AD-84AA-8C69D47EEF3C}.Debug|Xbox 360.ActiveCfg = Debug|x86
		{EF8868F4-AEF3-47AD-84AA-8C69D47EEF3C}.Debug|Zune.ActiveCfg = Debug|x86
		{EF8868F4-AEF3-47AD-84AA-8C69D47EEF3C}.Release|Any CPU.ActiveCfg = Release|x86
		{EF8868F4-AEF3-47AD-84AA-8C69D47EEF3C}.Release|Mixed Platforms.ActiveCfg = Release|x86
		{EF8868F4-AEF3-47AD-84AA-8C69D47EEF3C}.Release|Mixed Platforms.Build.0 = Release|x86
		{EF8868F4-AEF3-47AD-84AA-8C69D47EEF3C}.Release|x86.ActiveCfg = Release|x86
		{EF8868F4-AEF3-47AD-84AA-8C69D47EEF3C}.Release|x86.Build.0 = Release|x86
		{EF8868F4-AEF3-47AD-84AA-8C69D47EEF3C}.Release|Xbox 360.ActiveCfg = Release|x86
		{EF8868F4-AEF3-47AD-84AA-8C69D47EEF3C}.Release|Zune.ActiveCfg = Release|x86
		{B0C6D416-83AC-4F2F-92A6-D73342D699C1}.Debug|Any CPU.ActiveCfg = Debug|Xbox 360
		{B0C6D416-83AC-4F2F-92A6-D73342D699C1}.Debug|Mixed Platforms.ActiveCfg = Debug|Xbox 360
		{B0C6D416-83AC-4F2F-92A6-D73342D699C1}.Debug|Mixed Platforms.Build.0 = Debug|Xbox 360
		{B0C6D416-83AC-4F2F-92A6-D73342D699C1}.Debug|x86.ActiveCfg = Debug|Xbox 360
		{B0C6D416-83AC-4F2F-92A6-D73342D699C1}.Debug|Xbox 360.ActiveCfg = Debug|Xbox 360
		{B0C6D416-83AC-4F2F-92A6-D73342D699C1}.Debug|Xbox 360.Build.0 = Debug|Xbox 360
		{B0C6D416-83AC-4F2F-92A6-D73342D699C1}.Debug|Zune.ActiveCfg = Debug|Xbox 360
		{B0C6D416-83AC-4F2F-92A6-D73342D699C1}.Release|Any CPU.ActiveCfg = Release|Xbox 360
		{B0C6D416-83AC-4F2F-92A6-D73342D699C1}.Release|Mixed Platforms.ActiveCfg = Release|Xbox 360
		{B0C6D416-83AC-4F2F-92A6-D73342D699C1}.Release|Mixed Platforms.Build.0 = Release|Xbox 360
		{B0C6D416-83AC-4F2F-92A6-D73342D699C1}.Release|x86.ActiveCfg = Release|Xbox 360
		{B0C6D416-83AC-4F2F-92A6-D73342D699C1}.Release|Xbox 360.ActiveCfg = Release|Xbox 360
		{B0C6D416-83AC-4F2F-92A6-D73342D699C1}.Release|Xbox 360.Build.0 = Release|Xbox 360
		{B0C6D416-83AC-4F2F-92A6-D73342D699C1}.Release|Zune.ActiveCfg = Release|Xbox 360
		{A6D980EB-170D-4302-97C2-19693FC7B63A}.Debug|Any CPU.ActiveCfg = Debug|Zune
		{A6D980EB-170D-4302-97C2-19693FC7B63A}.Debug|Mixed Platforms.ActiveCfg = Debug|Zune
		{A6D980EB-170D-4302-97C2-19693FC7B63A}.Debug|Mixed Platforms.Build.0 = Debug|Zune
		{A6D980EB-170D-4302-97C2-19693FC7B63A}.Debug|x86.ActiveCfg = Debug|x86
		{A6D980EB-170D-4302-97C2-19693FC7B63A}.Debug|x86.Build.0 = Debug|x86
		{A6D980EB-170D-4302-97C2-19693FC7B63A}.Debug|Xbox 360.ActiveCfg = Debug|Xbox 360
		{A6D980EB-170D-4302-97C2-19693FC7B63A}.Debug|Xbox 360.Build.0 = Debug|Xbox 360
		{A6D980EB-170D-4302-97C2-19693FC7B63A}.Debug|Zune.ActiveCfg = Debug|Zune
		{A6D980EB-170D-4302-97C2-19693FC7B63A}.Debug|Zune.Build.0 = Debug|Zune
		{A6D980EB-170D-4302-97C2-19693FC7B63A}.Release|Any CPU.ActiveCfg = Release|Zune
		{A6D980EB-170D-4302-97C2-19693FC7B63A}.Release|Mixed Platforms.ActiveCfg = Release|Zune
		{A6D980EB-170D-4302-97C2-19693FC7B63A}.Release|Mixed Platforms.Build.0 = Release|Zune
		{A6D980EB-170D-4302-97C2-19693FC7B63A}.Release|x86.ActiveCfg = Release|x86
		{A6D980EB-170D-4302-97C2-19693FC7B63A}.Release|x86.Build.0 = Release|x86
		{A6D980EB-170D-4302-97C2-19693FC7B63A}.Release|Xbox 360.ActiveCfg = Release|Xbox 360
		{A6D980EB-170D-4302-97C2-19693FC7B63A}.Release|Xbox 360.Build.0 = Release|Xbox 360
		{A6D980EB-170D-4302-97C2-19693FC7B63A}.Release|Zune.ActiveCfg = Release|Zune
		{A6D980EB-170D-4302-97C2-19693FC7B63A}.Release|Zune.Build.0 = Release|Zune
	EndGlobalSection
	GlobalSection(SolutionProperties) = preSolution
		HideSolutionNode = FALSE
	EndGlobalSection
EndGlobal
